
Microsoft Visual Studio Solution File, Format Version 12.00
# Visual Studio Version 17
VisualStudioVersion = 17.13.35825.156 d17.13
MinimumVisualStudioVersion = 10.0.40219.1
Project("{FAE04EC0-301F-11D3-BF4B-00C04F79EFBC}") = "UTSPBOD", "UTSPBOD\UTSPBOD.csproj", "{94FA7064-4725-4CA8-8F14-D741A70FEAA2}"
EndProject
Global
	GlobalSection(SolutionConfigurationPlatforms) = preSolution
		Debug|Any CPU = Debug|Any CPU
		Release|Any CPU = Release|Any CPU
	EndGlobalSection
	GlobalSection(ProjectConfigurationPlatforms) = postSolution
		{94FA7064-4725-4CA8-8F14-D741A70FEAA2}.Debug|Any CPU.ActiveCfg = Debug|Any CPU
		{94FA7064-4725-4CA8-8F14-D741A70FEAA2}.Debug|Any CPU.Build.0 = Debug|Any CPU
		{94FA7064-4725-4CA8-8F14-D741A70FEAA2}.Release|Any CPU.ActiveCfg = Release|Any CPU
		{94FA7064-4725-4CA8-8F14-D741A70FEAA2}.Release|Any CPU.Build.0 = Release|Any CPU
	EndGlobalSection
	GlobalSection(SolutionProperties) = preSolution
		HideSolutionNode = FALSE
	EndGlobalSection
	GlobalSection(ExtensibilityGlobals) = postSolution
		SolutionGuid = {2E58B090-5F12-49A4-BC4B-0390EE96C798}
	EndGlobalSection
EndGlobal
